# THIS IS AN AUTOGENERATED FILE. DO NOT EDIT THIS FILE DIRECTLY.
# yarn lockfile v1


"@types/node@*":
  version "14.11.2"
  resolved "https://registry.yarnpkg.com/@types/node/-/node-14.11.2.tgz#2de1ed6670439387da1c9f549a2ade2b0a799256"
  integrity sha512-jiE3QIxJ8JLNcb1Ps6rDbysDhN4xa8DJJvuC9prr6w+1tIh+QAbYyNF3tyiZNLDBIuBCf4KEcV2UvQm/V60xfA==

"@types/pino-std-serializers@*":
  version "2.4.1"
  resolved "https://registry.yarnpkg.com/@types/pino-std-serializers/-/pino-std-serializers-2.4.1.tgz#f8bd52a209c8b3c97d1533b1ba27f57c816382bf"
  integrity sha512-17XcksO47M24IVTVKPeAByWUd3Oez7EbIjXpSbzMPhXVzgjGtrOa49gKBwxH9hb8dKv58OelsWQ+A1G1l9S3wQ==
  dependencies:
    "@types/node" "*"

"@types/pino@^6.3.1":
  version "6.3.1"
  resolved "https://registry.yarnpkg.com/@types/pino/-/pino-6.3.1.tgz#25484d852d21e6e1d599688e48a2779b195c3479"
  integrity sha512-WvGSuUcry1LKLSgQBAccZNUr5G1N/7b+1FU6W3KTWvkF39q5LSYoI6wu8F56emR8LhkvWAURygXW8T6GVPfZHA==
  dependencies:
    "@types/node" "*"
    "@types/pino-std-serializers" "*"
    "@types/sonic-boom" "*"

"@types/sonic-boom@*":
  version "0.7.0"
  resolved "https://registry.yarnpkg.com/@types/sonic-boom/-/sonic-boom-0.7.0.tgz#38337036293992a1df65dd3161abddf8fb9b7176"
  integrity sha512-AfqR0fZMoUXUNwusgXKxcE9DPlHNDHQp6nKYUd4PSRpLobF5CCevSpyTEBcVZreqaWKCnGBr9KI1fHMTttoB7A==
  dependencies:
    "@types/node" "*"

typescript@^4.0.3:
  version "4.0.3"
  resolved "https://registry.yarnpkg.com/typescript/-/typescript-4.0.3.tgz#153bbd468ef07725c1df9c77e8b453f8d36abba5"
  integrity sha512-tEu6DGxGgRJPb/mVPIZ48e69xCn2yRmCgYmDugAVwmJ6o+0u1RI18eO7E7WBTLYLaEVVOhwQmcdhQHweux/WPg==
